
Microsoft Visual Studio Solution File, Format Version 12.00
# Visual Studio Version 17
VisualStudioVersion = 17.4.33213.308
MinimumVisualStudioVersion = 10.0.40219.1
Project("{2150E333-8FDC-42A3-9474-1A3956D46DE8}") = "Adatper", "Adatper", "{F86BEE9E-2E14-4DFE-AA7D-3A700831E2DE}"
EndProject
Project("{2150E333-8FDC-42A3-9474-1A3956D46DE8}") = "Application", "Application", "{0A076D26-2B98-4CF2-B7A7-A9CF069D09E7}"
EndProject
Project("{2150E333-8FDC-42A3-9474-1A3956D46DE8}") = "Domain", "Domain", "{B5E02393-0E56-4218-9DE6-C1ADB3F413E3}"
EndProject
Project("{2150E333-8FDC-42A3-9474-1A3956D46DE8}") = "Port", "Port", "{35A97E25-8C21-4767-9D0B-9EFCAC4859E6}"
EndProject
Project("{2150E333-8FDC-42A3-9474-1A3956D46DE8}") = "in", "in", "{8A846CE7-10AC-471E-BC2E-22CBC47E2B52}"
EndProject
Project("{2150E333-8FDC-42A3-9474-1A3956D46DE8}") = "out", "out", "{D67C7E46-F498-419C-8096-457ACC7044C0}"
EndProject
Project("{9A19103F-16F7-4668-BE54-9A1E7A4F7556}") = "OutAdapter", "Adatper\out\outAdapter\OutAdapter.csproj", "{61BEECA4-1835-4B22-BC26-52BF3DC2A7BF}"
EndProject
Project("{9A19103F-16F7-4668-BE54-9A1E7A4F7556}") = "ExtraNet", "Adatper\in\ExtraNet\ExtraNet.csproj", "{9A237059-F14C-45E4-B744-3612BFF4CEDB}"
EndProject
Project("{9A19103F-16F7-4668-BE54-9A1E7A4F7556}") = "Encryption", "Application\Encryption\Encryption.csproj", "{AB0EAEC8-0C50-476D-B642-CC7AA531E1F7}"
EndProject
Project("{9A19103F-16F7-4668-BE54-9A1E7A4F7556}") = "Query", "Application\Query\Query.csproj", "{29C7AA4A-41DC-46B6-9CB0-0409582753C3}"
EndProject
Project("{9A19103F-16F7-4668-BE54-9A1E7A4F7556}") = "Dto", "Domain\Dto\Dto.csproj", "{79FCED6E-6BBB-4989-95B0-E805B25A70F7}"
EndProject
Project("{9A19103F-16F7-4668-BE54-9A1E7A4F7556}") = "Entity", "Domain\Entity\Entity.csproj", "{5A114E91-AADB-4BB3-A39E-668EEE959719}"
EndProject
Project("{2150E333-8FDC-42A3-9474-1A3956D46DE8}") = "in", "in", "{3ADCEE95-0D8A-4BA1-9E3C-08D409948669}"
EndProject
Project("{2150E333-8FDC-42A3-9474-1A3956D46DE8}") = "out", "out", "{E331E5B3-3E52-43E5-A0CE-0F330E00831E}"
EndProject
Project("{9A19103F-16F7-4668-BE54-9A1E7A4F7556}") = "InPort", "Port\in\InPort\InPort.csproj", "{A3AD7D7F-F62F-41CE-A88D-3EC4F468850A}"
EndProject
Project("{9A19103F-16F7-4668-BE54-9A1E7A4F7556}") = "OutPort", "Port\out\OutPort\OutPort.csproj", "{CAA13B6C-2478-479C-AA30-B6B6353F39C0}"
EndProject
Project("{9A19103F-16F7-4668-BE54-9A1E7A4F7556}") = "ExtraApplicatoin", "Application\ExtraApplicatoin\ExtraApplicatoin.csproj", "{D65BF8BE-8185-4738-9292-05A7E088C9DD}"
EndProject
Global
	GlobalSection(SolutionConfigurationPlatforms) = preSolution
		Debug|Any CPU = Debug|Any CPU
		Release|Any CPU = Release|Any CPU
	EndGlobalSection
	GlobalSection(ProjectConfigurationPlatforms) = postSolution
		{61BEECA4-1835-4B22-BC26-52BF3DC2A7BF}.Debug|Any CPU.ActiveCfg = Debug|Any CPU
		{61BEECA4-1835-4B22-BC26-52BF3DC2A7BF}.Debug|Any CPU.Build.0 = Debug|Any CPU
		{61BEECA4-1835-4B22-BC26-52BF3DC2A7BF}.Release|Any CPU.ActiveCfg = Release|Any CPU
		{61BEECA4-1835-4B22-BC26-52BF3DC2A7BF}.Release|Any CPU.Build.0 = Release|Any CPU
		{9A237059-F14C-45E4-B744-3612BFF4CEDB}.Debug|Any CPU.ActiveCfg = Debug|Any CPU
		{9A237059-F14C-45E4-B744-3612BFF4CEDB}.Debug|Any CPU.Build.0 = Debug|Any CPU
		{9A237059-F14C-45E4-B744-3612BFF4CEDB}.Release|Any CPU.ActiveCfg = Release|Any CPU
		{9A237059-F14C-45E4-B744-3612BFF4CEDB}.Release|Any CPU.Build.0 = Release|Any CPU
		{AB0EAEC8-0C50-476D-B642-CC7AA531E1F7}.Debug|Any CPU.ActiveCfg = Debug|Any CPU
		{AB0EAEC8-0C50-476D-B642-CC7AA531E1F7}.Debug|Any CPU.Build.0 = Debug|Any CPU
		{AB0EAEC8-0C50-476D-B642-CC7AA531E1F7}.Release|Any CPU.ActiveCfg = Release|Any CPU
		{AB0EAEC8-0C50-476D-B642-CC7AA531E1F7}.Release|Any CPU.Build.0 = Release|Any CPU
		{29C7AA4A-41DC-46B6-9CB0-0409582753C3}.Debug|Any CPU.ActiveCfg = Debug|Any CPU
		{29C7AA4A-41DC-46B6-9CB0-0409582753C3}.Debug|Any CPU.Build.0 = Debug|Any CPU
		{29C7AA4A-41DC-46B6-9CB0-0409582753C3}.Release|Any CPU.ActiveCfg = Release|Any CPU
		{29C7AA4A-41DC-46B6-9CB0-0409582753C3}.Release|Any CPU.Build.0 = Release|Any CPU
		{79FCED6E-6BBB-4989-95B0-E805B25A70F7}.Debug|Any CPU.ActiveCfg = Debug|Any CPU
		{79FCED6E-6BBB-4989-95B0-E805B25A70F7}.Debug|Any CPU.Build.0 = Debug|Any CPU
		{79FCED6E-6BBB-4989-95B0-E805B25A70F7}.Release|Any CPU.ActiveCfg = Release|Any CPU
		{79FCED6E-6BBB-4989-95B0-E805B25A70F7}.Release|Any CPU.Build.0 = Release|Any CPU
		{5A114E91-AADB-4BB3-A39E-668EEE959719}.Debug|Any CPU.ActiveCfg = Debug|Any CPU
		{5A114E91-AADB-4BB3-A39E-668EEE959719}.Debug|Any CPU.Build.0 = Debug|Any CPU
		{5A114E91-AADB-4BB3-A39E-668EEE959719}.Release|Any CPU.ActiveCfg = Release|Any CPU
		{5A114E91-AADB-4BB3-A39E-668EEE959719}.Release|Any CPU.Build.0 = Release|Any CPU
		{A3AD7D7F-F62F-41CE-A88D-3EC4F468850A}.Debug|Any CPU.ActiveCfg = Debug|Any CPU
		{A3AD7D7F-F62F-41CE-A88D-3EC4F468850A}.Debug|Any CPU.Build.0 = Debug|Any CPU
		{A3AD7D7F-F62F-41CE-A88D-3EC4F468850A}.Release|Any CPU.ActiveCfg = Release|Any CPU
		{A3AD7D7F-F62F-41CE-A88D-3EC4F468850A}.Release|Any CPU.Build.0 = Release|Any CPU
		{CAA13B6C-2478-479C-AA30-B6B6353F39C0}.Debug|Any CPU.ActiveCfg = Debug|Any CPU
		{CAA13B6C-2478-479C-AA30-B6B6353F39C0}.Debug|Any CPU.Build.0 = Debug|Any CPU
		{CAA13B6C-2478-479C-AA30-B6B6353F39C0}.Release|Any CPU.ActiveCfg = Release|Any CPU
		{CAA13B6C-2478-479C-AA30-B6B6353F39C0}.Release|Any CPU.Build.0 = Release|Any CPU
		{D65BF8BE-8185-4738-9292-05A7E088C9DD}.Debug|Any CPU.ActiveCfg = Debug|Any CPU
		{D65BF8BE-8185-4738-9292-05A7E088C9DD}.Debug|Any CPU.Build.0 = Debug|Any CPU
		{D65BF8BE-8185-4738-9292-05A7E088C9DD}.Release|Any CPU.ActiveCfg = Release|Any CPU
		{D65BF8BE-8185-4738-9292-05A7E088C9DD}.Release|Any CPU.Build.0 = Release|Any CPU
	EndGlobalSection
	GlobalSection(SolutionProperties) = preSolution
		HideSolutionNode = FALSE
	EndGlobalSection
	GlobalSection(NestedProjects) = preSolution
		{8A846CE7-10AC-471E-BC2E-22CBC47E2B52} = {F86BEE9E-2E14-4DFE-AA7D-3A700831E2DE}
		{D67C7E46-F498-419C-8096-457ACC7044C0} = {F86BEE9E-2E14-4DFE-AA7D-3A700831E2DE}
		{61BEECA4-1835-4B22-BC26-52BF3DC2A7BF} = {D67C7E46-F498-419C-8096-457ACC7044C0}
		{9A237059-F14C-45E4-B744-3612BFF4CEDB} = {8A846CE7-10AC-471E-BC2E-22CBC47E2B52}
		{AB0EAEC8-0C50-476D-B642-CC7AA531E1F7} = {0A076D26-2B98-4CF2-B7A7-A9CF069D09E7}
		{29C7AA4A-41DC-46B6-9CB0-0409582753C3} = {0A076D26-2B98-4CF2-B7A7-A9CF069D09E7}
		{79FCED6E-6BBB-4989-95B0-E805B25A70F7} = {B5E02393-0E56-4218-9DE6-C1ADB3F413E3}
		{5A114E91-AADB-4BB3-A39E-668EEE959719} = {B5E02393-0E56-4218-9DE6-C1ADB3F413E3}
		{3ADCEE95-0D8A-4BA1-9E3C-08D409948669} = {35A97E25-8C21-4767-9D0B-9EFCAC4859E6}
		{E331E5B3-3E52-43E5-A0CE-0F330E00831E} = {35A97E25-8C21-4767-9D0B-9EFCAC4859E6}
		{A3AD7D7F-F62F-41CE-A88D-3EC4F468850A} = {3ADCEE95-0D8A-4BA1-9E3C-08D409948669}
		{CAA13B6C-2478-479C-AA30-B6B6353F39C0} = {E331E5B3-3E52-43E5-A0CE-0F330E00831E}
		{D65BF8BE-8185-4738-9292-05A7E088C9DD} = {0A076D26-2B98-4CF2-B7A7-A9CF069D09E7}
	EndGlobalSection
	GlobalSection(ExtensibilityGlobals) = postSolution
		SolutionGuid = {1B0136DA-F23A-467C-83CE-59B4F1027DDC}
	EndGlobalSection
EndGlobal
